// !$*UTF8*$!
{
	archiveVersion = 1;
	classes = {
	};
	objectVersion = 55;
	objects = {

/* Begin PBXBuildFile section */
		CA4C0DFD28A6B5F000E50410 /* AppDelegate.swift in Sources */ = {isa = PBXBuildFile; fileRef = CA4C0DFC28A6B5F000E50410 /* AppDelegate.swift */; };
		CA4C0DFF28A6B5F000E50410 /* SceneDelegate.swift in Sources */ = {isa = PBXBuildFile; fileRef = CA4C0DFE28A6B5F000E50410 /* SceneDelegate.swift */; };
		CA4C0E0128A6B5F000E50410 /* LoginViewController.swift in Sources */ = {isa = PBXBuildFile; fileRef = CA4C0E0028A6B5F000E50410 /* LoginViewController.swift */; };
		CA4C0E0428A6B5F000E50410 /* Main.storyboard in Resources */ = {isa = PBXBuildFile; fileRef = CA4C0E0228A6B5F000E50410 /* Main.storyboard */; };
		CA4C0E0628A6B5F200E50410 /* Assets.xcassets in Resources */ = {isa = PBXBuildFile; fileRef = CA4C0E0528A6B5F200E50410 /* Assets.xcassets */; };
		CA4C0E0928A6B5F200E50410 /* LaunchScreen.storyboard in Resources */ = {isa = PBXBuildFile; fileRef = CA4C0E0728A6B5F200E50410 /* LaunchScreen.storyboard */; };
		CA4C0E1928A7FE0600E50410 /* WelcomeViewController.swift in Sources */ = {isa = PBXBuildFile; fileRef = CA4C0E1828A7FE0600E50410 /* WelcomeViewController.swift */; };
		CA68C6C328AD63C300889AB2 /* User.swift in Sources */ = {isa = PBXBuildFile; fileRef = CA68C6C228AD63C300889AB2 /* User.swift */; };
		CA68C6C528B2816700889AB2 /* TapBarController.swift in Sources */ = {isa = PBXBuildFile; fileRef = CA68C6C428B2816700889AB2 /* TapBarController.swift */; };
		CA68C6C728B2821B00889AB2 /* UserInfoViewController.swift in Sources */ = {isa = PBXBuildFile; fileRef = CA68C6C628B2821B00889AB2 /* UserInfoViewController.swift */; };
		CA68C6C928B2824A00889AB2 /* UserBioViewController.swift in Sources */ = {isa = PBXBuildFile; fileRef = CA68C6C828B2824A00889AB2 /* UserBioViewController.swift */; };
/* End PBXBuildFile section */

/* Begin PBXFileReference section */
		CA4C0DF928A6B5F000E50410 /* LoginApp_2.app */ = {isa = PBXFileReference; explicitFileType = wrapper.application; includeInIndex = 0; path = LoginApp_2.app; sourceTree = BUILT_PRODUCTS_DIR; };
		CA4C0DFC28A6B5F000E50410 /* AppDelegate.swift */ = {isa = PBXFileReference; lastKnownFileType = sourcecode.swift; path = AppDelegate.swift; sourceTree = "<group>"; };
		CA4C0DFE28A6B5F000E50410 /* SceneDelegate.swift */ = {isa = PBXFileReference; lastKnownFileType = sourcecode.swift; path = SceneDelegate.swift; sourceTree = "<group>"; };
		CA4C0E0028A6B5F000E50410 /* LoginViewController.swift */ = {isa = PBXFileReference; lastKnownFileType = sourcecode.swift; path = LoginViewController.swift; sourceTree = "<group>"; };
		CA4C0E0328A6B5F000E50410 /* Base */ = {isa = PBXFileReference; lastKnownFileType = file.storyboard; name = Base; path = Base.lproj/Main.storyboard; sourceTree = "<group>"; };
		CA4C0E0528A6B5F200E50410 /* Assets.xcassets */ = {isa = PBXFileReference; lastKnownFileType = folder.assetcatalog; path = Assets.xcassets; sourceTree = "<group>"; };
		CA4C0E0828A6B5F200E50410 /* Base */ = {isa = PBXFileReference; lastKnownFileType = file.storyboard; name = Base; path = Base.lproj/LaunchScreen.storyboard; sourceTree = "<group>"; };
		CA4C0E0A28A6B5F200E50410 /* Info.plist */ = {isa = PBXFileReference; lastKnownFileType = text.plist.xml; path = Info.plist; sourceTree = "<group>"; };
		CA4C0E1828A7FE0600E50410 /* WelcomeViewController.swift */ = {isa = PBXFileReference; lastKnownFileType = sourcecode.swift; path = WelcomeViewController.swift; sourceTree = "<group>"; };
		CA68C6C228AD63C300889AB2 /* User.swift */ = {isa = PBXFileReference; lastKnownFileType = sourcecode.swift; path = User.swift; sourceTree = "<group>"; };
		CA68C6C428B2816700889AB2 /* TapBarController.swift */ = {isa = PBXFileReference; lastKnownFileType = sourcecode.swift; path = TapBarController.swift; sourceTree = "<group>"; };
		CA68C6C628B2821B00889AB2 /* UserInfoViewController.swift */ = {isa = PBXFileReference; lastKnownFileType = sourcecode.swift; path = UserInfoViewController.swift; sourceTree = "<group>"; };
		CA68C6C828B2824A00889AB2 /* UserBioViewController.swift */ = {isa = PBXFileReference; lastKnownFileType = sourcecode.swift; path = UserBioViewController.swift; sourceTree = "<group>"; };
/* End PBXFileReference section */

/* Begin PBXFrameworksBuildPhase section */
		CA4C0DF628A6B5F000E50410 /* Frameworks */ = {
			isa = PBXFrameworksBuildPhase;
			buildActionMask = 2147483647;
			files = (
			);
			runOnlyForDeploymentPostprocessing = 0;
		};
/* End PBXFrameworksBuildPhase section */

/* Begin PBXGroup section */
		CA4C0DF028A6B5F000E50410 = {
			isa = PBXGroup;
			children = (
				CA4C0DFB28A6B5F000E50410 /* LoginApp_2 */,
				CA4C0DFA28A6B5F000E50410 /* Products */,
			);
			sourceTree = "<group>";
		};
		CA4C0DFA28A6B5F000E50410 /* Products */ = {
			isa = PBXGroup;
			children = (
				CA4C0DF928A6B5F000E50410 /* LoginApp_2.app */,
			);
			name = Products;
			sourceTree = "<group>";
		};
		CA4C0DFB28A6B5F000E50410 /* LoginApp_2 */ = {
			isa = PBXGroup;
			children = (
				CA68C6BE28AD60BB00889AB2 /* ViewControllers */,
				CA68C6C028AD60F200889AB2 /* StoryBoards */,
				CA68C6BF28AD60DC00889AB2 /* Models */,
				CA68C6C128AD611A00889AB2 /* SupportFiles */,
				CA4C0E0528A6B5F200E50410 /* Assets.xcassets */,
				CA4C0E0A28A6B5F200E50410 /* Info.plist */,
			);
			path = LoginApp_2;
			sourceTree = "<group>";
		};
		CA68C6BE28AD60BB00889AB2 /* ViewControllers */ = {
			isa = PBXGroup;
			children = (
				CA4C0E0028A6B5F000E50410 /* LoginViewController.swift */,
				CA68C6C428B2816700889AB2 /* TapBarController.swift */,
				CA4C0E1828A7FE0600E50410 /* WelcomeViewController.swift */,
				CA68C6C628B2821B00889AB2 /* UserInfoViewController.swift */,
				CA68C6C828B2824A00889AB2 /* UserBioViewController.swift */,
			);
			path = ViewControllers;
			sourceTree = "<group>";
		};
		CA68C6BF28AD60DC00889AB2 /* Models */ = {
			isa = PBXGroup;
			children = (
				CA68C6C228AD63C300889AB2 /* User.swift */,
			);
			path = Models;
			sourceTree = "<group>";
		};
		CA68C6C028AD60F200889AB2 /* StoryBoards */ = {
			isa = PBXGroup;
			children = (
				CA4C0E0228A6B5F000E50410 /* Main.storyboard */,
				CA4C0E0728A6B5F200E50410 /* LaunchScreen.storyboard */,
			);
			path = StoryBoards;
			sourceTree = "<group>";
		};
		CA68C6C128AD611A00889AB2 /* SupportFiles */ = {
			isa = PBXGroup;
			children = (
				CA4C0DFC28A6B5F000E50410 /* AppDelegate.swift */,
				CA4C0DFE28A6B5F000E50410 /* SceneDelegate.swift */,
			);
			path = SupportFiles;
			sourceTree = "<group>";
		};
/* End PBXGroup section */

/* Begin PBXNativeTarget section */
		CA4C0DF828A6B5F000E50410 /* LoginApp_2 */ = {
			isa = PBXNativeTarget;
			buildConfigurationList = CA4C0E0D28A6B5F200E50410 /* Build configuration list for PBXNativeTarget "LoginApp_2" */;
			buildPhases = (
				CA4C0DF528A6B5F000E50410 /* Sources */,
				CA4C0DF628A6B5F000E50410 /* Frameworks */,
				CA4C0DF728A6B5F000E50410 /* Resources */,
			);
			buildRules = (
			);
			dependencies = (
			);
			name = LoginApp_2;
			productName = LoginApp_2;
			productReference = CA4C0DF928A6B5F000E50410 /* LoginApp_2.app */;
			productType = "com.apple.product-type.application";
		};
/* End PBXNativeTarget section */

/* Begin PBXProject section */
		CA4C0DF128A6B5F000E50410 /* Project object */ = {
			isa = PBXProject;
			attributes = {
				BuildIndependentTargetsInParallel = 1;
				LastSwiftUpdateCheck = 1340;
				LastUpgradeCheck = 1340;
				TargetAttributes = {
					CA4C0DF828A6B5F000E50410 = {
						CreatedOnToolsVersion = 13.4.1;
					};
				};
			};
			buildConfigurationList = CA4C0DF428A6B5F000E50410 /* Build configuration list for PBXProject "LoginApp_2" */;
			compatibilityVersion = "Xcode 13.0";
			developmentRegion = en;
			hasScannedForEncodings = 0;
			knownRegions = (
				en,
				Base,
			);
			mainGroup = CA4C0DF028A6B5F000E50410;
			productRefGroup = CA4C0DFA28A6B5F000E50410 /* Products */;
			projectDirPath = "";
			projectRoot = "";
			targets = (
				CA4C0DF828A6B5F000E50410 /* LoginApp_2 */,
			);
		};
/* End PBXProject section */

/* Begin PBXResourcesBuildPhase section */
		CA4C0DF728A6B5F000E50410 /* Resources */ = {
			isa = PBXResourcesBuildPhase;
			buildActionMask = 2147483647;
			files = (
				CA4C0E0928A6B5F200E50410 /* LaunchScreen.storyboard in Resources */,
				CA4C0E0628A6B5F200E50410 /* Assets.xcassets in Resources */,
				CA4C0E0428A6B5F000E50410 /* Main.storyboard in Resources */,
			);
			runOnlyForDeploymentPostprocessing = 0;
		};
/* End PBXResourcesBuildPhase section */

/* Begin PBXSourcesBuildPhase section */
		CA4C0DF528A6B5F000E50410 /* Sources */ = {
			isa = PBXSourcesBuildPhase;
			buildActionMask = 2147483647;
			files = (
				CA68C6C328AD63C300889AB2 /* User.swift in Sources */,
				CA68C6C728B2821B00889AB2 /* UserInfoViewController.swift in Sources */,
				CA68C6C528B2816700889AB2 /* TapBarController.swift in Sources */,
				CA4C0E0128A6B5F000E50410 /* LoginViewController.swift in Sources */,
				CA4C0E1928A7FE0600E50410 /* WelcomeViewController.swift in Sources */,
				CA4C0DFD28A6B5F000E50410 /* AppDelegate.swift in Sources */,
				CA68C6C928B2824A00889AB2 /* UserBioViewController.swift in Sources */,
				CA4C0DFF28A6B5F000E50410 /* SceneDelegate.swift in Sources */,
			);
			runOnlyForDeploymentPostprocessing = 0;
		};
/* End PBXSourcesBuildPhase section */

/* Begin PBXVariantGroup section */
		CA4C0E0228A6B5F000E50410 /* Main.storyboard */ = {
			isa = PBXVariantGroup;
			children = (
				CA4C0E0328A6B5F000E50410 /* Base */,
			);
			name = Main.storyboard;
			sourceTree = "<group>";
		};
		CA4C0E0728A6B5F200E50410 /* LaunchScreen.storyboard */ = {
			isa = PBXVariantGroup;
			children = (
				CA4C0E0828A6B5F200E50410 /* Base */,
			);
			name = LaunchScreen.storyboard;
			sourceTree = "<group>";
		};
/* End PBXVariantGroup section */

/* Begin XCBuildConfiguration section */
		CA4C0E0B28A6B5F200E50410 /* Debug */ = {
			isa = XCBuildConfiguration;
			buildSettings = {
				ALWAYS_SEARCH_USER_PATHS = NO;
				CLANG_ANALYZER_NONNULL = YES;
				CLANG_ANALYZER_NUMBER_OBJECT_CONVERSION = YES_AGGRESSIVE;
				CLANG_CXX_LANGUAGE_STANDARD = "gnu++17";
				CLANG_ENABLE_MODULES = YES;
				CLANG_ENABLE_OBJC_ARC = YES;
				CLANG_ENABLE_OBJC_WEAK = YES;
				CLANG_WARN_BLOCK_CAPTURE_AUTORELEASING = YES;
				CLANG_WARN_BOOL_CONVERSION = YES;
				CLANG_WARN_COMMA = YES;
				CLANG_WARN_CONSTANT_CONVERSION = YES;
				CLANG_WARN_DEPRECATED_OBJC_IMPLEMENTATIONS = YES;
				CLANG_WARN_DIRECT_OBJC_ISA_USAGE = YES_ERROR;
				CLANG_WARN_DOCUMENTATION_COMMENTS = YES;
				CLANG_WARN_EMPTY_BODY = YES;
				CLANG_WARN_ENUM_CONVERSION = YES;
				CLANG_WARN_INFINITE_RECURSION = YES;
				CLANG_WARN_INT_CONVERSION = YES;
				CLANG_WARN_NON_LITERAL_NULL_CONVERSION = YES;
				CLANG_WARN_OBJC_IMPLICIT_RETAIN_SELF = YES;
				CLANG_WARN_OBJC_LITERAL_CONVERSION = YES;
				CLANG_WARN_OBJC_ROOT_CLASS = YES_ERROR;
				CLANG_WARN_QUOTED_INCLUDE_IN_FRAMEWORK_HEADER = YES;
				CLANG_WARN_RANGE_LOOP_ANALYSIS = YES;
				CLANG_WARN_STRICT_PROTOTYPES = YES;
				CLANG_WARN_SUSPICIOUS_MOVE = YES;
				CLANG_WARN_UNGUARDED_AVAILABILITY = YES_AGGRESSIVE;
				CLANG_WARN_UNREACHABLE_CODE = YES;
				CLANG_WARN__DUPLICATE_METHOD_MATCH = YES;
				COPY_PHASE_STRIP = NO;
				DEBUG_INFORMATION_FORMAT = dwarf;
				ENABLE_STRICT_OBJC_MSGSEND = YES;
				ENABLE_TESTABILITY = YES;
				GCC_C_LANGUAGE_STANDARD = gnu11;
				GCC_DYNAMIC_NO_PIC = NO;
				GCC_NO_COMMON_BLOCKS = YES;
				GCC_OPTIMIZATION_LEVEL = 0;
				GCC_PREPROCESSOR_DEFINITIONS = (
					"DEBUG=1",
					"$(inherited)",
				);
				GCC_WARN_64_TO_32_BIT_CONVERSION = YES;
				GCC_WARN_ABOUT_RETURN_TYPE = YES_ERROR;
				GCC_WARN_UNDECLARED_SELECTOR = YES;
				GCC_WARN_UNINITIALIZED_AUTOS = YES_AGGRESSIVE;
				GCC_WARN_UNUSED_FUNCTION = YES;
				GCC_WARN_UNUSED_VARIABLE = YES;
				IPHONEOS_DEPLOYMENT_TARGET = 15.5;
				MTL_ENABLE_DEBUG_INFO = INCLUDE_SOURCE;
				MTL_FAST_MATH = YES;
				ONLY_ACTIVE_ARCH = YES;
				SDKROOT = iphoneos;
				SWIFT_ACTIVE_COMPILATION_CONDITIONS = DEBUG;
				SWIFT_OPTIMIZATION_LEVEL = "-Onone";
			};
			name = Debug;
		};
		CA4C0E0C28A6B5F200E50410 /* Release */ = {
			isa = XCBuildConfiguration;
			buildSettings = {
				ALWAYS_SEARCH_USER_PATHS = NO;
				CLANG_ANALYZER_NONNULL = YES;
				CLANG_ANALYZER_NUMBER_OBJECT_CONVERSION = YES_AGGRESSIVE;
				CLANG_CXX_LANGUAGE_STANDARD = "gnu++17";
				CLANG_ENABLE_MODULES = YES;
				CLANG_ENABLE_OBJC_ARC = YES;
				CLANG_ENABLE_OBJC_WEAK = YES;
				CLANG_WARN_BLOCK_CAPTURE_AUTORELEASING = YES;
				CLANG_WARN_BOOL_CONVERSION = YES;
				CLANG_WARN_COMMA = YES;
				CLANG_WARN_CONSTANT_CONVERSION = YES;
				CLANG_WARN_DEPRECATED_OBJC_IMPLEMENTATIONS = YES;
				CLANG_WARN_DIRECT_OBJC_ISA_USAGE = YES_ERROR;
				CLANG_WARN_DOCUMENTATION_COMMENTS = YES;
				CLANG_WARN_EMPTY_BODY = YES;
				CLANG_WARN_ENUM_CONVERSION = YES;
				CLANG_WARN_INFINITE_RECURSION = YES;
				CLANG_WARN_INT_CONVERSION = YES;
				CLANG_WARN_NON_LITERAL_NULL_CONVERSION = YES;
				CLANG_WARN_OBJC_IMPLICIT_RETAIN_SELF = YES;
				CLANG_WARN_OBJC_LITERAL_CONVERSION = YES;
				CLANG_WARN_OBJC_ROOT_CLASS = YES_ERROR;
				CLANG_WARN_QUOTED_INCLUDE_IN_FRAMEWORK_HEADER = YES;
				CLANG_WARN_RANGE_LOOP_ANALYSIS = YES;
				CLANG_WARN_STRICT_PROTOTYPES = YES;
				CLANG_WARN_SUSPICIOUS_MOVE = YES;
				CLANG_WARN_UNGUARDED_AVAILABILITY = YES_AGGRESSIVE;
				CLANG_WARN_UNREACHABLE_CODE = YES;
				CLANG_WARN__DUPLICATE_METHOD_MATCH = YES;
				COPY_PHASE_STRIP = NO;
				DEBUG_INFORMATION_FORMAT = "dwarf-with-dsym";
				ENABLE_NS_ASSERTIONS = NO;
				ENABLE_STRICT_OBJC_MSGSEND = YES;
				GCC_C_LANGUAGE_STANDARD = gnu11;
				GCC_NO_COMMON_BLOCKS = YES;
				GCC_WARN_64_TO_32_BIT_CONVERSION = YES;
				GCC_WARN_ABOUT_RETURN_TYPE = YES_ERROR;
				GCC_WARN_UNDECLARED_SELECTOR = YES;
				GCC_WARN_UNINITIALIZED_AUTOS = YES_AGGRESSIVE;
				GCC_WARN_UNUSED_FUNCTION = YES;
				GCC_WARN_UNUSED_VARIABLE = YES;
				IPHONEOS_DEPLOYMENT_TARGET = 15.5;
				MTL_ENABLE_DEBUG_INFO = NO;
				MTL_FAST_MATH = YES;
				SDKROOT = iphoneos;
				SWIFT_COMPILATION_MODE = wholemodule;
				SWIFT_OPTIMIZATION_LEVEL = "-O";
				VALIDATE_PRODUCT = YES;
			};
			name = Release;
		};
		CA4C0E0E28A6B5F200E50410 /* Debug */ = {
			isa = XCBuildConfiguration;
			buildSettings = {
				ASSETCATALOG_COMPILER_APPICON_NAME = AppIcon;
				ASSETCATALOG_COMPILER_GLOBAL_ACCENT_COLOR_NAME = AccentColor;
				CODE_SIGN_STYLE = Automatic;
				CURRENT_PROJECT_VERSION = 1;
				DEVELOPMENT_TEAM = LKCXB3W5BN;
				GENERATE_INFOPLIST_FILE = YES;
				INFOPLIST_FILE = LoginApp_2/Info.plist;
				INFOPLIST_KEY_UIApplicationSupportsIndirectInputEvents = YES;
				INFOPLIST_KEY_UILaunchStoryboardName = LaunchScreen;
				INFOPLIST_KEY_UIMainStoryboardFile = Main;
				INFOPLIST_KEY_UISupportedInterfaceOrientations_iPad = "UIInterfaceOrientationPortrait UIInterfaceOrientationPortraitUpsideDown UIInterfaceOrientationLandscapeLeft UIInterfaceOrientationLandscapeRight";
				INFOPLIST_KEY_UISupportedInterfaceOrientations_iPhone = "UIInterfaceOrientationPortrait UIInterfaceOrientationLandscapeLeft UIInterfaceOrientationLandscapeRight";
				LD_RUNPATH_SEARCH_PATHS = (
					"$(inherited)",
					"@executable_path/Frameworks",
				);
				MARKETING_VERSION = 1.0;
				PRODUCT_BUNDLE_IDENTIFIER = "pavel-krigin.LoginApp-2";
				PRODUCT_NAME = "$(TARGET_NAME)";
				SWIFT_EMIT_LOC_STRINGS = YES;
				SWIFT_VERSION = 5.0;
				TARGETED_DEVICE_FAMILY = 1;
			};
			name = Debug;
		};
		CA4C0E0F28A6B5F200E50410 /* Release */ = {
			isa = XCBuildConfiguration;
			buildSettings = {
				ASSETCATALOG_COMPILER_APPICON_NAME = AppIcon;
				ASSETCATALOG_COMPILER_GLOBAL_ACCENT_COLOR_NAME = AccentColor;
				CODE_SIGN_STYLE = Automatic;
				CURRENT_PROJECT_VERSION = 1;
				DEVELOPMENT_TEAM = LKCXB3W5BN;
				GENERATE_INFOPLIST_FILE = YES;
				INFOPLIST_FILE = LoginApp_2/Info.plist;
				INFOPLIST_KEY_UIApplicationSupportsIndirectInputEvents = YES;
				INFOPLIST_KEY_UILaunchStoryboardName = LaunchScreen;
				INFOPLIST_KEY_UIMainStoryboardFile = Main;
				INFOPLIST_KEY_UISupportedInterfaceOrientations_iPad = "UIInterfaceOrientationPortrait UIInterfaceOrientationPortraitUpsideDown UIInterfaceOrientationLandscapeLeft UIInterfaceOrientationLandscapeRight";
				INFOPLIST_KEY_UISupportedInterfaceOrientations_iPhone = "UIInterfaceOrientationPortrait UIInterfaceOrientationLandscapeLeft UIInterfaceOrientationLandscapeRight";
				LD_RUNPATH_SEARCH_PATHS = (
					"$(inherited)",
					"@executable_path/Frameworks",
				);
				MARKETING_VERSION = 1.0;
				PRODUCT_BUNDLE_IDENTIFIER = "pavel-krigin.LoginApp-2";
				PRODUCT_NAME = "$(TARGET_NAME)";
				SWIFT_EMIT_LOC_STRINGS = YES;
				SWIFT_VERSION = 5.0;
				TARGETED_DEVICE_FAMILY = 1;
			};
			name = Release;
		};
/* End XCBuildConfiguration section */

/* Begin XCConfigurationList section */
		CA4C0DF428A6B5F000E50410 /* Build configuration list for PBXProject "LoginApp_2" */ = {
			isa = XCConfigurationList;
			buildConfigurations = (
				CA4C0E0B28A6B5F200E50410 /* Debug */,
				CA4C0E0C28A6B5F200E50410 /* Release */,
			);
			defaultConfigurationIsVisible = 0;
			defaultConfigurationName = Release;
		};
		CA4C0E0D28A6B5F200E50410 /* Build configuration list for PBXNativeTarget "LoginApp_2" */ = {
			isa = XCConfigurationList;
			buildConfigurations = (
				CA4C0E0E28A6B5F200E50410 /* Debug */,
				CA4C0E0F28A6B5F200E50410 /* Release */,
			);
			defaultConfigurationIsVisible = 0;
			defaultConfigurationName = Release;
		};
/* End XCConfigurationList section */
	};
	rootObject = CA4C0DF128A6B5F000E50410 /* Project object */;
}
